
Microsoft Visual Studio Solution File, Format Version 12.00
# Visual Studio Version 17
VisualStudioVersion = 17.4.33110.190
MinimumVisualStudioVersion = 10.0.40219.1
Project("{FAE04EC0-301F-11D3-BF4B-00C04F79EFBC}") = "01_process", "01_process\01_process.csproj", "{4CC117BB-26E3-40FB-A486-CAC2068F15BE}"
EndProject
Global
	GlobalSection(SolutionConfigurationPlatforms) = preSolution
		Debug|Any CPU = Debug|Any CPU
		Release|Any CPU = Release|Any CPU
	EndGlobalSection
	GlobalSection(ProjectConfigurationPlatforms) = postSolution
		{4CC117BB-26E3-40FB-A486-CAC2068F15BE}.Debug|Any CPU.ActiveCfg = Debug|Any CPU
		{4CC117BB-26E3-40FB-A486-CAC2068F15BE}.Debug|Any CPU.Build.0 = Debug|Any CPU
		{4CC117BB-26E3-40FB-A486-CAC2068F15BE}.Release|Any CPU.ActiveCfg = Release|Any CPU
		{4CC117BB-26E3-40FB-A486-CAC2068F15BE}.Release|Any CPU.Build.0 = Release|Any CPU
	EndGlobalSection
	GlobalSection(SolutionProperties) = preSolution
		HideSolutionNode = FALSE
	EndGlobalSection
	GlobalSection(ExtensibilityGlobals) = postSolution
		SolutionGuid = {A49A7267-D1B2-4044-AE77-53B57753C087}
	EndGlobalSection
EndGlobal
